
Microsoft Visual Studio Solution File, Format Version 12.00
# Visual Studio Version 16
VisualStudioVersion = 16.0.30204.135
MinimumVisualStudioVersion = 10.0.40219.1
Project("{FAE04EC0-301F-11D3-BF4B-00C04F79EFBC}") = "SystemProgramming_0729", "SystemProgramming_0729\SystemProgramming_0729.csproj", "{933C7304-48D6-49D5-9976-F0DADEA7F921}"
EndProject
Global
	GlobalSection(SolutionConfigurationPlatforms) = preSolution
		Debug|Any CPU = Debug|Any CPU
		Release|Any CPU = Release|Any CPU
	EndGlobalSection
	GlobalSection(ProjectConfigurationPlatforms) = postSolution
		{933C7304-48D6-49D5-9976-F0DADEA7F921}.Debug|Any CPU.ActiveCfg = Debug|Any CPU
		{933C7304-48D6-49D5-9976-F0DADEA7F921}.Debug|Any CPU.Build.0 = Debug|Any CPU
		{933C7304-48D6-49D5-9976-F0DADEA7F921}.Release|Any CPU.ActiveCfg = Release|Any CPU
		{933C7304-48D6-49D5-9976-F0DADEA7F921}.Release|Any CPU.Build.0 = Release|Any CPU
	EndGlobalSection
	GlobalSection(SolutionProperties) = preSolution
		HideSolutionNode = FALSE
	EndGlobalSection
	GlobalSection(ExtensibilityGlobals) = postSolution
		SolutionGuid = {D0DEC299-4230-4437-ADFC-4394B0C75CC0}
	EndGlobalSection
EndGlobal
